// !$*UTF8*$!
{
	archiveVersion = 1;
	classes = {
	};
	objectVersion = 46;
	objects = {

/* Begin PBXBuildFile section */
		18391909CBFEF9EEEB599DBB /* HomeViewController.swift in Sources */ = {isa = PBXBuildFile; fileRef = 1839149E49C96059858B99D7 /* HomeViewController.swift */; };
		18391D92B940B76766394B71 /* ServerManager.swift in Sources */ = {isa = PBXBuildFile; fileRef = 18391B43C5FC3324F6E1F8EF /* ServerManager.swift */; };
		1DB8ECC420E83CDA723B2B3F /* Pods.framework in Frameworks */ = {isa = PBXBuildFile; fileRef = F5E7324B98E69E4DAA1DE665 /* Pods.framework */; };
		370130B41C1858D50099AD1E /* RequestInfoTableViewCell.swift in Sources */ = {isa = PBXBuildFile; fileRef = 370130B21C1858D50099AD1E /* RequestInfoTableViewCell.swift */; };
		370130B51C1858D50099AD1E /* RequestInfoTableViewCell.xib in Resources */ = {isa = PBXBuildFile; fileRef = 370130B31C1858D50099AD1E /* RequestInfoTableViewCell.xib */; };
		370130BA1C1870BE0099AD1E /* RequestStatusTableViewCell.swift in Sources */ = {isa = PBXBuildFile; fileRef = 370130B81C1870BE0099AD1E /* RequestStatusTableViewCell.swift */; };
		370130BB1C1870BE0099AD1E /* RequestStatusTableViewCell.xib in Resources */ = {isa = PBXBuildFile; fileRef = 370130B91C1870BE0099AD1E /* RequestStatusTableViewCell.xib */; };
		371DA8691C1C8AFC007847ED /* WalletInfoTableViewCell.swift in Sources */ = {isa = PBXBuildFile; fileRef = 371DA8671C1C8AFC007847ED /* WalletInfoTableViewCell.swift */; };
		371DA86A1C1C8AFC007847ED /* WalletInfoTableViewCell.xib in Resources */ = {isa = PBXBuildFile; fileRef = 371DA8681C1C8AFC007847ED /* WalletInfoTableViewCell.xib */; };
		3729DA7A1C0F0FFB007DB48C /* WalletTableViewController.swift in Sources */ = {isa = PBXBuildFile; fileRef = 3729DA791C0F0FFB007DB48C /* WalletTableViewController.swift */; };
		3756CD3D1C1DE3CA001684E7 /* Login.storyboard in Resources */ = {isa = PBXBuildFile; fileRef = 3756CD3C1C1DE3CA001684E7 /* Login.storyboard */; };
		376C4D9B1C11B66A00970316 /* RequestInfoTableViewController.swift in Sources */ = {isa = PBXBuildFile; fileRef = 376C4D9A1C11B66A00970316 /* RequestInfoTableViewController.swift */; };
		376C4D9D1C11B68400970316 /* ConversationViewController.swift in Sources */ = {isa = PBXBuildFile; fileRef = 376C4D9C1C11B68400970316 /* ConversationViewController.swift */; };
		378639EE1C1497DB00FF7CEE /* OperatorMessageTableViewCell.swift in Sources */ = {isa = PBXBuildFile; fileRef = 378639EC1C1497DB00FF7CEE /* OperatorMessageTableViewCell.swift */; };
		378639EF1C1497DB00FF7CEE /* OperatorMessageTableViewCell.xib in Resources */ = {isa = PBXBuildFile; fileRef = 378639ED1C1497DB00FF7CEE /* OperatorMessageTableViewCell.xib */; };
		37A7CB8E1C0CA913004CFB14 /* RequestFormViewController.swift in Sources */ = {isa = PBXBuildFile; fileRef = 37A7CB8D1C0CA913004CFB14 /* RequestFormViewController.swift */; };
		37A7CB901C0CB3D8004CFB14 /* HelpType.swift in Sources */ = {isa = PBXBuildFile; fileRef = 37A7CB8F1C0CB3D8004CFB14 /* HelpType.swift */; };
		37A7CB931C0CB467004CFB14 /* HelpRequestStatus.swift in Sources */ = {isa = PBXBuildFile; fileRef = 37A7CB921C0CB467004CFB14 /* HelpRequestStatus.swift */; };
		37A7CB951C0CC0DD004CFB14 /* HelpTypePresenter.swift in Sources */ = {isa = PBXBuildFile; fileRef = 37A7CB941C0CC0DD004CFB14 /* HelpTypePresenter.swift */; };
		37ADE33E1C0608CD00CC3CE2 /* HelpRequest.swift in Sources */ = {isa = PBXBuildFile; fileRef = 37ADE33D1C0608CD00CC3CE2 /* HelpRequest.swift */; };
		37ADE3441C061EED00CC3CE2 /* CreateNewRequestTableViewController.swift in Sources */ = {isa = PBXBuildFile; fileRef = 37ADE3431C061EED00CC3CE2 /* CreateNewRequestTableViewController.swift */; };
		37ADE3461C061F2700CC3CE2 /* CreateNewRequest.storyboard in Resources */ = {isa = PBXBuildFile; fileRef = 37ADE3451C061F2700CC3CE2 /* CreateNewRequest.storyboard */; };
		37AE79681C2AD14D00AC62DD /* signup_bg.jpg in Resources */ = {isa = PBXBuildFile; fileRef = 37AE79671C2AD14D00AC62DD /* signup_bg.jpg */; };
		37B889C71C09121400EA02D8 /* UIColor+GetHelp.swift in Sources */ = {isa = PBXBuildFile; fileRef = 37B889C61C09121400EA02D8 /* UIColor+GetHelp.swift */; };
		37C2C19C1C11A172000010F2 /* RequestDetails.storyboard in Resources */ = {isa = PBXBuildFile; fileRef = 37C2C19B1C11A172000010F2 /* RequestDetails.storyboard */; };
		37C2C19E1C11A31B000010F2 /* RequestDetailsViewController.swift in Sources */ = {isa = PBXBuildFile; fileRef = 37C2C19D1C11A31B000010F2 /* RequestDetailsViewController.swift */; };
		37C69D9F1C135A7C009D7755 /* Message.swift in Sources */ = {isa = PBXBuildFile; fileRef = 37C69D9E1C135A7C009D7755 /* Message.swift */; };
		37C69DA11C145583009D7755 /* MessageSender.swift in Sources */ = {isa = PBXBuildFile; fileRef = 37C69DA01C145583009D7755 /* MessageSender.swift */; };
		37C69DA31C145A33009D7755 /* Image.swift in Sources */ = {isa = PBXBuildFile; fileRef = 37C69DA21C145A33009D7755 /* Image.swift */; };
		37C69DA81C1467FB009D7755 /* UserMessageTableViewCell.swift in Sources */ = {isa = PBXBuildFile; fileRef = 37C69DA61C1467FB009D7755 /* UserMessageTableViewCell.swift */; };
		37C69DA91C1467FB009D7755 /* UserMessageTableViewCell.xib in Resources */ = {isa = PBXBuildFile; fileRef = 37C69DA71C1467FB009D7755 /* UserMessageTableViewCell.xib */; };
		37C69DAB1C146BD8009D7755 /* MessageContentPresentable.swift in Sources */ = {isa = PBXBuildFile; fileRef = 37C69DAA1C146BD8009D7755 /* MessageContentPresentable.swift */; };
		37C69DAF1C146C22009D7755 /* MessagePresentable.swift in Sources */ = {isa = PBXBuildFile; fileRef = 37C69DAE1C146C22009D7755 /* MessagePresentable.swift */; };
		37C69DB11C146C7C009D7755 /* MessagePresenter.swift in Sources */ = {isa = PBXBuildFile; fileRef = 37C69DB01C146C7C009D7755 /* MessagePresenter.swift */; };
		37C69DB31C146F7D009D7755 /* ConfigurableMessageCell.swift in Sources */ = {isa = PBXBuildFile; fileRef = 37C69DB21C146F7D009D7755 /* ConfigurableMessageCell.swift */; };
		37C69DB51C146FCD009D7755 /* NSDateFormater+initWithDateFormat.swift in Sources */ = {isa = PBXBuildFile; fileRef = 37C69DB41C146FCD009D7755 /* NSDateFormater+initWithDateFormat.swift */; };
		37CC9B721BFB60FF00B450E0 /* AppDelegate.swift in Sources */ = {isa = PBXBuildFile; fileRef = 37CC9B711BFB60FF00B450E0 /* AppDelegate.swift */; };
		37CC9B771BFB60FF00B450E0 /* Main.storyboard in Resources */ = {isa = PBXBuildFile; fileRef = 37CC9B751BFB60FF00B450E0 /* Main.storyboard */; };
		37CC9B791BFB60FF00B450E0 /* Assets.xcassets in Resources */ = {isa = PBXBuildFile; fileRef = 37CC9B781BFB60FF00B450E0 /* Assets.xcassets */; };
		37CC9B7C1BFB60FF00B450E0 /* LaunchScreen.storyboard in Resources */ = {isa = PBXBuildFile; fileRef = 37CC9B7A1BFB60FF00B450E0 /* LaunchScreen.storyboard */; };
		37CC9B871BFB60FF00B450E0 /* GetHelpTests.swift in Sources */ = {isa = PBXBuildFile; fileRef = 37CC9B861BFB60FF00B450E0 /* GetHelpTests.swift */; };
		37CFD5011C10C2B7009F734B /* HelpRequestPresenter.swift in Sources */ = {isa = PBXBuildFile; fileRef = 37CFD5001C10C2B7009F734B /* HelpRequestPresenter.swift */; };
		37CFD5061C10C434009F734B /* RequestPresentable.swift in Sources */ = {isa = PBXBuildFile; fileRef = 37CFD5051C10C434009F734B /* RequestPresentable.swift */; };
		37CFD5081C10C44A009F734B /* StatusPresentable.swift in Sources */ = {isa = PBXBuildFile; fileRef = 37CFD5071C10C44A009F734B /* StatusPresentable.swift */; };
		37CFD50A1C10C474009F734B /* DateTimePresentable.swift in Sources */ = {isa = PBXBuildFile; fileRef = 37CFD5091C10C474009F734B /* DateTimePresentable.swift */; };
		37CFD50C1C10C4DB009F734B /* HelpRequestPresentable.swift in Sources */ = {isa = PBXBuildFile; fileRef = 37CFD50B1C10C4DB009F734B /* HelpRequestPresentable.swift */; };
		37E6B3181C1CC6B300DA19A8 /* WalletInfoPresentable.swift in Sources */ = {isa = PBXBuildFile; fileRef = 37E6B3171C1CC6B300DA19A8 /* WalletInfoPresentable.swift */; };
		37E6B31A1C1CC6F500DA19A8 /* Constants.swift in Sources */ = {isa = PBXBuildFile; fileRef = 37E6B3191C1CC6F500DA19A8 /* Constants.swift */; };
		37E8B3871C01E88900778C6B /* HelpRequestTableViewCell.swift in Sources */ = {isa = PBXBuildFile; fileRef = 37E8B3851C01E88900778C6B /* HelpRequestTableViewCell.swift */; };
		37E8B3881C01E88900778C6B /* HelpRequestTableViewCell.xib in Resources */ = {isa = PBXBuildFile; fileRef = 37E8B3861C01E88900778C6B /* HelpRequestTableViewCell.xib */; };
		37EB11191C2C720F00879A05 /* MessageUI.framework in Frameworks */ = {isa = PBXBuildFile; fileRef = 37EB11181C2C720F00879A05 /* MessageUI.framework */; };
		37EDF9431C0CE9DB00927D68 /* FloatLabelTextField.swift in Sources */ = {isa = PBXBuildFile; fileRef = 37EDF9421C0CE9DB00927D68 /* FloatLabelTextField.swift */; };
		37EDF9451C0CEA6F00927D68 /* FloatLabelCell.swift in Sources */ = {isa = PBXBuildFile; fileRef = 37EDF9441C0CEA6F00927D68 /* FloatLabelCell.swift */; };
		37EDF9471C0CEB1100927D68 /* TextFloatLabelCell.swift in Sources */ = {isa = PBXBuildFile; fileRef = 37EDF9461C0CEB1100927D68 /* TextFloatLabelCell.swift */; };
		37EDF94A1C0CEC2F00927D68 /* TextFloatLabelRow.swift in Sources */ = {isa = PBXBuildFile; fileRef = 37EDF9491C0CEC2F00927D68 /* TextFloatLabelRow.swift */; };
		37EDF94C1C0CEC6400927D68 /* FloatFieldRow.swift in Sources */ = {isa = PBXBuildFile; fileRef = 37EDF94B1C0CEC6400927D68 /* FloatFieldRow.swift */; };
		37EFF3FE1C1E0AB1008D020F /* GreetingViewController.swift in Sources */ = {isa = PBXBuildFile; fileRef = 37EFF3FD1C1E0AB1008D020F /* GreetingViewController.swift */; };
		37EFF4001C1E0ACA008D020F /* PhoneNumbeInputViewController.swift in Sources */ = {isa = PBXBuildFile; fileRef = 37EFF3FF1C1E0ACA008D020F /* PhoneNumbeInputViewController.swift */; };
		37EFF4021C1E0AE8008D020F /* LogInCodeCheckViewController.swift in Sources */ = {isa = PBXBuildFile; fileRef = 37EFF4011C1E0AE8008D020F /* LogInCodeCheckViewController.swift */; };
		37F5D97C1C2712DF00938308 /* InfoTableViewController.swift in Sources */ = {isa = PBXBuildFile; fileRef = 37F5D97B1C2712DF00938308 /* InfoTableViewController.swift */; };
/* End PBXBuildFile section */

/* Begin PBXContainerItemProxy section */
		37CC9B831BFB60FF00B450E0 /* PBXContainerItemProxy */ = {
			isa = PBXContainerItemProxy;
			containerPortal = 37CC9B661BFB60FF00B450E0 /* Project object */;
			proxyType = 1;
			remoteGlobalIDString = 37CC9B6D1BFB60FF00B450E0;
			remoteInfo = GetHelp;
		};
/* End PBXContainerItemProxy section */

/* Begin PBXFileReference section */
		1839149E49C96059858B99D7 /* HomeViewController.swift */ = {isa = PBXFileReference; fileEncoding = 4; lastKnownFileType = sourcecode.swift; path = HomeViewController.swift; sourceTree = "<group>"; };
		18391B43C5FC3324F6E1F8EF /* ServerManager.swift */ = {isa = PBXFileReference; fileEncoding = 4; lastKnownFileType = sourcecode.swift; path = ServerManager.swift; sourceTree = "<group>"; };
		370130B21C1858D50099AD1E /* RequestInfoTableViewCell.swift */ = {isa = PBXFileReference; fileEncoding = 4; lastKnownFileType = sourcecode.swift; path = RequestInfoTableViewCell.swift; sourceTree = "<group>"; };
		370130B31C1858D50099AD1E /* RequestInfoTableViewCell.xib */ = {isa = PBXFileReference; fileEncoding = 4; lastKnownFileType = file.xib; path = RequestInfoTableViewCell.xib; sourceTree = "<group>"; };
		370130B81C1870BE0099AD1E /* RequestStatusTableViewCell.swift */ = {isa = PBXFileReference; fileEncoding = 4; lastKnownFileType = sourcecode.swift; path = RequestStatusTableViewCell.swift; sourceTree = "<group>"; };
		370130B91C1870BE0099AD1E /* RequestStatusTableViewCell.xib */ = {isa = PBXFileReference; fileEncoding = 4; lastKnownFileType = file.xib; path = RequestStatusTableViewCell.xib; sourceTree = "<group>"; };
		371BC2BD1BFB699F009807E3 /* GetHelp-Bridging-Header.h */ = {isa = PBXFileReference; lastKnownFileType = sourcecode.c.h; path = "GetHelp-Bridging-Header.h"; sourceTree = "<group>"; };
		371DA8671C1C8AFC007847ED /* WalletInfoTableViewCell.swift */ = {isa = PBXFileReference; fileEncoding = 4; lastKnownFileType = sourcecode.swift; path = WalletInfoTableViewCell.swift; sourceTree = "<group>"; };
		371DA8681C1C8AFC007847ED /* WalletInfoTableViewCell.xib */ = {isa = PBXFileReference; fileEncoding = 4; lastKnownFileType = file.xib; path = WalletInfoTableViewCell.xib; sourceTree = "<group>"; };
		3729DA791C0F0FFB007DB48C /* WalletTableViewController.swift */ = {isa = PBXFileReference; fileEncoding = 4; lastKnownFileType = sourcecode.swift; path = WalletTableViewController.swift; sourceTree = "<group>"; };
		3756CD3C1C1DE3CA001684E7 /* Login.storyboard */ = {isa = PBXFileReference; fileEncoding = 4; lastKnownFileType = file.storyboard; path = Login.storyboard; sourceTree = "<group>"; };
		376C4D9A1C11B66A00970316 /* RequestInfoTableViewController.swift */ = {isa = PBXFileReference; fileEncoding = 4; lastKnownFileType = sourcecode.swift; path = RequestInfoTableViewController.swift; sourceTree = "<group>"; };
		376C4D9C1C11B68400970316 /* ConversationViewController.swift */ = {isa = PBXFileReference; fileEncoding = 4; lastKnownFileType = sourcecode.swift; path = ConversationViewController.swift; sourceTree = "<group>"; };
		378639EC1C1497DB00FF7CEE /* OperatorMessageTableViewCell.swift */ = {isa = PBXFileReference; fileEncoding = 4; lastKnownFileType = sourcecode.swift; path = OperatorMessageTableViewCell.swift; sourceTree = "<group>"; };
		378639ED1C1497DB00FF7CEE /* OperatorMessageTableViewCell.xib */ = {isa = PBXFileReference; fileEncoding = 4; lastKnownFileType = file.xib; path = OperatorMessageTableViewCell.xib; sourceTree = "<group>"; };
		37A7CB8D1C0CA913004CFB14 /* RequestFormViewController.swift */ = {isa = PBXFileReference; fileEncoding = 4; lastKnownFileType = sourcecode.swift; path = RequestFormViewController.swift; sourceTree = "<group>"; };
		37A7CB8F1C0CB3D8004CFB14 /* HelpType.swift */ = {isa = PBXFileReference; fileEncoding = 4; lastKnownFileType = sourcecode.swift; path = HelpType.swift; sourceTree = "<group>"; };
		37A7CB921C0CB467004CFB14 /* HelpRequestStatus.swift */ = {isa = PBXFileReference; fileEncoding = 4; lastKnownFileType = sourcecode.swift; path = HelpRequestStatus.swift; sourceTree = "<group>"; };
		37A7CB941C0CC0DD004CFB14 /* HelpTypePresenter.swift */ = {isa = PBXFileReference; fileEncoding = 4; lastKnownFileType = sourcecode.swift; path = HelpTypePresenter.swift; sourceTree = "<group>"; };
		37ADE33D1C0608CD00CC3CE2 /* HelpRequest.swift */ = {isa = PBXFileReference; fileEncoding = 4; lastKnownFileType = sourcecode.swift; path = HelpRequest.swift; sourceTree = "<group>"; };
		37ADE3431C061EED00CC3CE2 /* CreateNewRequestTableViewController.swift */ = {isa = PBXFileReference; fileEncoding = 4; lastKnownFileType = sourcecode.swift; path = CreateNewRequestTableViewController.swift; sourceTree = "<group>"; };
		37ADE3451C061F2700CC3CE2 /* CreateNewRequest.storyboard */ = {isa = PBXFileReference; fileEncoding = 4; lastKnownFileType = file.storyboard; path = CreateNewRequest.storyboard; sourceTree = "<group>"; };
		37AE79671C2AD14D00AC62DD /* signup_bg.jpg */ = {isa = PBXFileReference; lastKnownFileType = image.jpeg; path = signup_bg.jpg; sourceTree = "<group>"; };
		37B889C61C09121400EA02D8 /* UIColor+GetHelp.swift */ = {isa = PBXFileReference; fileEncoding = 4; lastKnownFileType = sourcecode.swift; path = "UIColor+GetHelp.swift"; sourceTree = "<group>"; };
		37C2C19B1C11A172000010F2 /* RequestDetails.storyboard */ = {isa = PBXFileReference; fileEncoding = 4; lastKnownFileType = file.storyboard; path = RequestDetails.storyboard; sourceTree = "<group>"; };
		37C2C19D1C11A31B000010F2 /* RequestDetailsViewController.swift */ = {isa = PBXFileReference; fileEncoding = 4; lastKnownFileType = sourcecode.swift; path = RequestDetailsViewController.swift; sourceTree = "<group>"; };
		37C69D9E1C135A7C009D7755 /* Message.swift */ = {isa = PBXFileReference; fileEncoding = 4; lastKnownFileType = sourcecode.swift; path = Message.swift; sourceTree = "<group>"; };
		37C69DA01C145583009D7755 /* MessageSender.swift */ = {isa = PBXFileReference; fileEncoding = 4; lastKnownFileType = sourcecode.swift; path = MessageSender.swift; sourceTree = "<group>"; };
		37C69DA21C145A33009D7755 /* Image.swift */ = {isa = PBXFileReference; fileEncoding = 4; lastKnownFileType = sourcecode.swift; path = Image.swift; sourceTree = "<group>"; };
		37C69DA61C1467FB009D7755 /* UserMessageTableViewCell.swift */ = {isa = PBXFileReference; fileEncoding = 4; lastKnownFileType = sourcecode.swift; path = UserMessageTableViewCell.swift; sourceTree = "<group>"; };
		37C69DA71C1467FB009D7755 /* UserMessageTableViewCell.xib */ = {isa = PBXFileReference; fileEncoding = 4; lastKnownFileType = file.xib; path = UserMessageTableViewCell.xib; sourceTree = "<group>"; };
		37C69DAA1C146BD8009D7755 /* MessageContentPresentable.swift */ = {isa = PBXFileReference; fileEncoding = 4; lastKnownFileType = sourcecode.swift; path = MessageContentPresentable.swift; sourceTree = "<group>"; };
		37C69DAE1C146C22009D7755 /* MessagePresentable.swift */ = {isa = PBXFileReference; fileEncoding = 4; lastKnownFileType = sourcecode.swift; path = MessagePresentable.swift; sourceTree = "<group>"; };
		37C69DB01C146C7C009D7755 /* MessagePresenter.swift */ = {isa = PBXFileReference; fileEncoding = 4; lastKnownFileType = sourcecode.swift; path = MessagePresenter.swift; sourceTree = "<group>"; };
		37C69DB21C146F7D009D7755 /* ConfigurableMessageCell.swift */ = {isa = PBXFileReference; fileEncoding = 4; lastKnownFileType = sourcecode.swift; path = ConfigurableMessageCell.swift; sourceTree = "<group>"; };
		37C69DB41C146FCD009D7755 /* NSDateFormater+initWithDateFormat.swift */ = {isa = PBXFileReference; fileEncoding = 4; lastKnownFileType = sourcecode.swift; path = "NSDateFormater+initWithDateFormat.swift"; sourceTree = "<group>"; };
		37CC9B6E1BFB60FF00B450E0 /* GetHelp.app */ = {isa = PBXFileReference; explicitFileType = wrapper.application; includeInIndex = 0; path = GetHelp.app; sourceTree = BUILT_PRODUCTS_DIR; };
		37CC9B711BFB60FF00B450E0 /* AppDelegate.swift */ = {isa = PBXFileReference; lastKnownFileType = sourcecode.swift; path = AppDelegate.swift; sourceTree = "<group>"; };
		37CC9B761BFB60FF00B450E0 /* Base */ = {isa = PBXFileReference; lastKnownFileType = file.storyboard; name = Base; path = Base.lproj/Main.storyboard; sourceTree = "<group>"; };
		37CC9B781BFB60FF00B450E0 /* Assets.xcassets */ = {isa = PBXFileReference; lastKnownFileType = folder.assetcatalog; path = Assets.xcassets; sourceTree = "<group>"; };
		37CC9B7B1BFB60FF00B450E0 /* Base */ = {isa = PBXFileReference; lastKnownFileType = file.storyboard; name = Base; path = Base.lproj/LaunchScreen.storyboard; sourceTree = "<group>"; };
		37CC9B7D1BFB60FF00B450E0 /* Info.plist */ = {isa = PBXFileReference; lastKnownFileType = text.plist.xml; path = Info.plist; sourceTree = "<group>"; };
		37CC9B821BFB60FF00B450E0 /* GetHelpTests.xctest */ = {isa = PBXFileReference; explicitFileType = wrapper.cfbundle; includeInIndex = 0; path = GetHelpTests.xctest; sourceTree = BUILT_PRODUCTS_DIR; };
		37CC9B861BFB60FF00B450E0 /* GetHelpTests.swift */ = {isa = PBXFileReference; lastKnownFileType = sourcecode.swift; path = GetHelpTests.swift; sourceTree = "<group>"; };
		37CC9B881BFB60FF00B450E0 /* Info.plist */ = {isa = PBXFileReference; lastKnownFileType = text.plist.xml; path = Info.plist; sourceTree = "<group>"; };
		37CFD5001C10C2B7009F734B /* HelpRequestPresenter.swift */ = {isa = PBXFileReference; fileEncoding = 4; lastKnownFileType = sourcecode.swift; path = HelpRequestPresenter.swift; sourceTree = "<group>"; };
		37CFD5051C10C434009F734B /* RequestPresentable.swift */ = {isa = PBXFileReference; fileEncoding = 4; lastKnownFileType = sourcecode.swift; path = RequestPresentable.swift; sourceTree = "<group>"; };
		37CFD5071C10C44A009F734B /* StatusPresentable.swift */ = {isa = PBXFileReference; fileEncoding = 4; lastKnownFileType = sourcecode.swift; path = StatusPresentable.swift; sourceTree = "<group>"; };
		37CFD5091C10C474009F734B /* DateTimePresentable.swift */ = {isa = PBXFileReference; fileEncoding = 4; lastKnownFileType = sourcecode.swift; path = DateTimePresentable.swift; sourceTree = "<group>"; };
		37CFD50B1C10C4DB009F734B /* HelpRequestPresentable.swift */ = {isa = PBXFileReference; fileEncoding = 4; lastKnownFileType = sourcecode.swift; path = HelpRequestPresentable.swift; sourceTree = "<group>"; };
		37E6B3171C1CC6B300DA19A8 /* WalletInfoPresentable.swift */ = {isa = PBXFileReference; fileEncoding = 4; lastKnownFileType = sourcecode.swift; path = WalletInfoPresentable.swift; sourceTree = "<group>"; };
		37E6B3191C1CC6F500DA19A8 /* Constants.swift */ = {isa = PBXFileReference; fileEncoding = 4; lastKnownFileType = sourcecode.swift; path = Constants.swift; sourceTree = "<group>"; };
		37E8B3851C01E88900778C6B /* HelpRequestTableViewCell.swift */ = {isa = PBXFileReference; fileEncoding = 4; lastKnownFileType = sourcecode.swift; path = HelpRequestTableViewCell.swift; sourceTree = "<group>"; };
		37E8B3861C01E88900778C6B /* HelpRequestTableViewCell.xib */ = {isa = PBXFileReference; fileEncoding = 4; lastKnownFileType = file.xib; path = HelpRequestTableViewCell.xib; sourceTree = "<group>"; };
		37EB11181C2C720F00879A05 /* MessageUI.framework */ = {isa = PBXFileReference; lastKnownFileType = wrapper.framework; name = MessageUI.framework; path = System/Library/Frameworks/MessageUI.framework; sourceTree = SDKROOT; };
		37EDF9421C0CE9DB00927D68 /* FloatLabelTextField.swift */ = {isa = PBXFileReference; fileEncoding = 4; lastKnownFileType = sourcecode.swift; path = FloatLabelTextField.swift; sourceTree = "<group>"; };
		37EDF9441C0CEA6F00927D68 /* FloatLabelCell.swift */ = {isa = PBXFileReference; fileEncoding = 4; lastKnownFileType = sourcecode.swift; path = FloatLabelCell.swift; sourceTree = "<group>"; };
		37EDF9461C0CEB1100927D68 /* TextFloatLabelCell.swift */ = {isa = PBXFileReference; fileEncoding = 4; lastKnownFileType = sourcecode.swift; path = TextFloatLabelCell.swift; sourceTree = "<group>"; };
		37EDF9491C0CEC2F00927D68 /* TextFloatLabelRow.swift */ = {isa = PBXFileReference; fileEncoding = 4; lastKnownFileType = sourcecode.swift; path = TextFloatLabelRow.swift; sourceTree = "<group>"; };
		37EDF94B1C0CEC6400927D68 /* FloatFieldRow.swift */ = {isa = PBXFileReference; fileEncoding = 4; lastKnownFileType = sourcecode.swift; path = FloatFieldRow.swift; sourceTree = "<group>"; };
		37EFF3FD1C1E0AB1008D020F /* GreetingViewController.swift */ = {isa = PBXFileReference; fileEncoding = 4; lastKnownFileType = sourcecode.swift; path = GreetingViewController.swift; sourceTree = "<group>"; };
		37EFF3FF1C1E0ACA008D020F /* PhoneNumbeInputViewController.swift */ = {isa = PBXFileReference; fileEncoding = 4; lastKnownFileType = sourcecode.swift; path = PhoneNumbeInputViewController.swift; sourceTree = "<group>"; };
		37EFF4011C1E0AE8008D020F /* LogInCodeCheckViewController.swift */ = {isa = PBXFileReference; fileEncoding = 4; lastKnownFileType = sourcecode.swift; path = LogInCodeCheckViewController.swift; sourceTree = "<group>"; };
		37F5D97B1C2712DF00938308 /* InfoTableViewController.swift */ = {isa = PBXFileReference; fileEncoding = 4; lastKnownFileType = sourcecode.swift; path = InfoTableViewController.swift; sourceTree = "<group>"; };
		6D01969020F3224FD97D6806 /* Pods.debug.xcconfig */ = {isa = PBXFileReference; includeInIndex = 1; lastKnownFileType = text.xcconfig; name = Pods.debug.xcconfig; path = "Pods/Target Support Files/Pods/Pods.debug.xcconfig"; sourceTree = "<group>"; };
		8E0DE6B581FF3E526EE01838 /* Pods.release.xcconfig */ = {isa = PBXFileReference; includeInIndex = 1; lastKnownFileType = text.xcconfig; name = Pods.release.xcconfig; path = "Pods/Target Support Files/Pods/Pods.release.xcconfig"; sourceTree = "<group>"; };
		F5E7324B98E69E4DAA1DE665 /* Pods.framework */ = {isa = PBXFileReference; explicitFileType = wrapper.framework; includeInIndex = 0; path = Pods.framework; sourceTree = BUILT_PRODUCTS_DIR; };
/* End PBXFileReference section */

/* Begin PBXFrameworksBuildPhase section */
		37CC9B6B1BFB60FF00B450E0 /* Frameworks */ = {
			isa = PBXFrameworksBuildPhase;
			buildActionMask = 2147483647;
			files = (
				37EB11191C2C720F00879A05 /* MessageUI.framework in Frameworks */,
				1DB8ECC420E83CDA723B2B3F /* Pods.framework in Frameworks */,
			);
			runOnlyForDeploymentPostprocessing = 0;
		};
		37CC9B7F1BFB60FF00B450E0 /* Frameworks */ = {
			isa = PBXFrameworksBuildPhase;
			buildActionMask = 2147483647;
			files = (
			);
			runOnlyForDeploymentPostprocessing = 0;
		};
/* End PBXFrameworksBuildPhase section */

/* Begin PBXGroup section */
		370130B01C1854E50099AD1E /* HelpRequestInfoCell */ = {
			isa = PBXGroup;
			children = (
				370130B21C1858D50099AD1E /* RequestInfoTableViewCell.swift */,
				370130B31C1858D50099AD1E /* RequestInfoTableViewCell.xib */,
			);
			name = HelpRequestInfoCell;
			sourceTree = "<group>";
		};
		370130B11C1854F80099AD1E /* Request Screen */ = {
			isa = PBXGroup;
			children = (
				370130B01C1854E50099AD1E /* HelpRequestInfoCell */,
				37C69DA51C1467A6009D7755 /* MessagesCells */,
				370130BC1C1871140099AD1E /* RequestStatusTebleViewCell */,
			);
			name = "Request Screen";
			sourceTree = "<group>";
		};
		370130BC1C1871140099AD1E /* RequestStatusTebleViewCell */ = {
			isa = PBXGroup;
			children = (
				370130B81C1870BE0099AD1E /* RequestStatusTableViewCell.swift */,
				370130B91C1870BE0099AD1E /* RequestStatusTableViewCell.xib */,
			);
			name = RequestStatusTebleViewCell;
			sourceTree = "<group>";
		};
		371DA86B1C1C8B00007847ED /* WalletInfoTableViewCell */ = {
			isa = PBXGroup;
			children = (
				371DA8681C1C8AFC007847ED /* WalletInfoTableViewCell.xib */,
				371DA8671C1C8AFC007847ED /* WalletInfoTableViewCell.swift */,
			);
			name = WalletInfoTableViewCell;
			sourceTree = "<group>";
		};
		3778B6321C123A0400A9C05D /* RequestDetails */ = {
			isa = PBXGroup;
			children = (
				37C2C19D1C11A31B000010F2 /* RequestDetailsViewController.swift */,
				376C4D9A1C11B66A00970316 /* RequestInfoTableViewController.swift */,
				376C4D9C1C11B68400970316 /* ConversationViewController.swift */,
			);
			name = RequestDetails;
			sourceTree = "<group>";
		};
		378639F01C1497E400FF7CEE /* User */ = {
			isa = PBXGroup;
			children = (
				37C69DA61C1467FB009D7755 /* UserMessageTableViewCell.swift */,
				37C69DA71C1467FB009D7755 /* UserMessageTableViewCell.xib */,
			);
			name = User;
			sourceTree = "<group>";
		};
		378639F21C1497F100FF7CEE /* Operator */ = {
			isa = PBXGroup;
			children = (
				378639EC1C1497DB00FF7CEE /* OperatorMessageTableViewCell.swift */,
				378639ED1C1497DB00FF7CEE /* OperatorMessageTableViewCell.xib */,
			);
			name = Operator;
			sourceTree = "<group>";
		};
		37A7CB911C0CB426004CFB14 /* Presenters */ = {
			isa = PBXGroup;
			children = (
				37A7CB941C0CC0DD004CFB14 /* HelpTypePresenter.swift */,
				37CFD5001C10C2B7009F734B /* HelpRequestPresenter.swift */,
				37C69DB01C146C7C009D7755 /* MessagePresenter.swift */,
			);
			name = Presenters;
			sourceTree = "<group>";
		};
		37ADE33C1C0608B000CC3CE2 /* Models */ = {
			isa = PBXGroup;
			children = (
				37ADE33D1C0608CD00CC3CE2 /* HelpRequest.swift */,
				37C69D9E1C135A7C009D7755 /* Message.swift */,
				37C69DA01C145583009D7755 /* MessageSender.swift */,
				37C69DA21C145A33009D7755 /* Image.swift */,
				18391B43C5FC3324F6E1F8EF /* ServerManager.swift */,
				37A7CB8F1C0CB3D8004CFB14 /* HelpType.swift */,
				37A7CB921C0CB467004CFB14 /* HelpRequestStatus.swift */,
			);
			name = Models;
			sourceTree = "<group>";
		};
		37B889C31C08EF4D00EA02D8 /* HelpRequestTableViewCell */ = {
			isa = PBXGroup;
			children = (
				37E8B3851C01E88900778C6B /* HelpRequestTableViewCell.swift */,
				37E8B3861C01E88900778C6B /* HelpRequestTableViewCell.xib */,
			);
			name = HelpRequestTableViewCell;
			sourceTree = "<group>";
		};
		37B889C81C09121A00EA02D8 /* Extensions */ = {
			isa = PBXGroup;
			children = (
				37B889C61C09121400EA02D8 /* UIColor+GetHelp.swift */,
				37C69DB41C146FCD009D7755 /* NSDateFormater+initWithDateFormat.swift */,
			);
			name = Extensions;
			sourceTree = "<group>";
		};
		37C69DA51C1467A6009D7755 /* MessagesCells */ = {
			isa = PBXGroup;
			children = (
				378639F01C1497E400FF7CEE /* User */,
				378639F21C1497F100FF7CEE /* Operator */,
			);
			name = MessagesCells;
			sourceTree = "<group>";
		};
		37CC9B651BFB60FF00B450E0 = {
			isa = PBXGroup;
			children = (
				37CC9B701BFB60FF00B450E0 /* GetHelp */,
				37CC9B851BFB60FF00B450E0 /* GetHelpTests */,
				37CC9B6F1BFB60FF00B450E0 /* Products */,
				8BE62FC6A2B95A5B086687F5 /* Pods */,
				97B1F842E4CD121DD6B03A5F /* Frameworks */,
			);
			sourceTree = "<group>";
		};
		37CC9B6F1BFB60FF00B450E0 /* Products */ = {
			isa = PBXGroup;
			children = (
				37CC9B6E1BFB60FF00B450E0 /* GetHelp.app */,
				37CC9B821BFB60FF00B450E0 /* GetHelpTests.xctest */,
			);
			name = Products;
			sourceTree = "<group>";
		};
		37CC9B701BFB60FF00B450E0 /* GetHelp */ = {
			isa = PBXGroup;
			children = (
				37F171BE1BFB6D0F0016433D /* Views */,
				37F171BC1BFB6D020016433D /* Controllers */,
				37ADE33C1C0608B000CC3CE2 /* Models */,
				37A7CB911C0CB426004CFB14 /* Presenters */,
				37CFD5041C10C41B009F734B /* Protocols */,
				37F171C01BFB6D2B0016433D /* UI */,
				37B889C81C09121A00EA02D8 /* Extensions */,
				37F171C21BFB6D330016433D /* Supporting files */,
				37CC9B781BFB60FF00B450E0 /* Assets.xcassets */,
			);
			path = GetHelp;
			sourceTree = "<group>";
		};
		37CC9B851BFB60FF00B450E0 /* GetHelpTests */ = {
			isa = PBXGroup;
			children = (
				37CC9B861BFB60FF00B450E0 /* GetHelpTests.swift */,
				37CC9B881BFB60FF00B450E0 /* Info.plist */,
			);
			path = GetHelpTests;
			sourceTree = "<group>";
		};
		37CFD5041C10C41B009F734B /* Protocols */ = {
			isa = PBXGroup;
			children = (
				37CFD5051C10C434009F734B /* RequestPresentable.swift */,
				37CFD5071C10C44A009F734B /* StatusPresentable.swift */,
				37CFD5091C10C474009F734B /* DateTimePresentable.swift */,
				37CFD50B1C10C4DB009F734B /* HelpRequestPresentable.swift */,
				37C69DAA1C146BD8009D7755 /* MessageContentPresentable.swift */,
				37C69DAE1C146C22009D7755 /* MessagePresentable.swift */,
				37C69DB21C146F7D009D7755 /* ConfigurableMessageCell.swift */,
				37E6B3171C1CC6B300DA19A8 /* WalletInfoPresentable.swift */,
			);
			name = Protocols;
			sourceTree = "<group>";
		};
		37EDF9481C0CEB4C00927D68 /* FloatTextField */ = {
			isa = PBXGroup;
			children = (
				37EDF9421C0CE9DB00927D68 /* FloatLabelTextField.swift */,
				37EDF9441C0CEA6F00927D68 /* FloatLabelCell.swift */,
				37EDF9461C0CEB1100927D68 /* TextFloatLabelCell.swift */,
				37EDF9491C0CEC2F00927D68 /* TextFloatLabelRow.swift */,
				37EDF94B1C0CEC6400927D68 /* FloatFieldRow.swift */,
			);
			name = FloatTextField;
			sourceTree = "<group>";
		};
		37EFF3FC1C1E0A71008D020F /* Login */ = {
			isa = PBXGroup;
			children = (
				37EFF3FD1C1E0AB1008D020F /* GreetingViewController.swift */,
				37EFF3FF1C1E0ACA008D020F /* PhoneNumbeInputViewController.swift */,
				37EFF4011C1E0AE8008D020F /* LogInCodeCheckViewController.swift */,
			);
			name = Login;
			sourceTree = "<group>";
		};
		37F171BC1BFB6D020016433D /* Controllers */ = {
			isa = PBXGroup;
			children = (
				37EFF3FC1C1E0A71008D020F /* Login */,
				37F5D9771C27126400938308 /* Home */,
				37F5D9791C27129700938308 /* Wallet */,
				37F5D97A1C2712A000938308 /* Info */,
			);
			name = Controllers;
			sourceTree = "<group>";
		};
		37F171BE1BFB6D0F0016433D /* Views */ = {
			isa = PBXGroup;
			children = (
				370130B11C1854F80099AD1E /* Request Screen */,
				37B889C31C08EF4D00EA02D8 /* HelpRequestTableViewCell */,
				37EDF9481C0CEB4C00927D68 /* FloatTextField */,
				371DA86B1C1C8B00007847ED /* WalletInfoTableViewCell */,
			);
			name = Views;
			sourceTree = "<group>";
		};
		37F171C01BFB6D2B0016433D /* UI */ = {
			isa = PBXGroup;
			children = (
				37CC9B751BFB60FF00B450E0 /* Main.storyboard */,
				3756CD3C1C1DE3CA001684E7 /* Login.storyboard */,
				37ADE3451C061F2700CC3CE2 /* CreateNewRequest.storyboard */,
				37C2C19B1C11A172000010F2 /* RequestDetails.storyboard */,
				37CC9B7A1BFB60FF00B450E0 /* LaunchScreen.storyboard */,
			);
			name = UI;
			sourceTree = "<group>";
		};
		37F171C21BFB6D330016433D /* Supporting files */ = {
			isa = PBXGroup;
			children = (
				37AE79671C2AD14D00AC62DD /* signup_bg.jpg */,
				37CC9B711BFB60FF00B450E0 /* AppDelegate.swift */,
				37E6B3191C1CC6F500DA19A8 /* Constants.swift */,
				371BC2BD1BFB699F009807E3 /* GetHelp-Bridging-Header.h */,
				37CC9B7D1BFB60FF00B450E0 /* Info.plist */,
			);
			name = "Supporting files";
			sourceTree = "<group>";
		};
		37F5D9771C27126400938308 /* Home */ = {
			isa = PBXGroup;
			children = (
				1839149E49C96059858B99D7 /* HomeViewController.swift */,
				37F5D9781C27128900938308 /* Create new */,
				3778B6321C123A0400A9C05D /* RequestDetails */,
			);
			name = Home;
			sourceTree = "<group>";
		};
		37F5D9781C27128900938308 /* Create new */ = {
			isa = PBXGroup;
			children = (
				37ADE3431C061EED00CC3CE2 /* CreateNewRequestTableViewController.swift */,
				37A7CB8D1C0CA913004CFB14 /* RequestFormViewController.swift */,
			);
			name = "Create new";
			sourceTree = "<group>";
		};
		37F5D9791C27129700938308 /* Wallet */ = {
			isa = PBXGroup;
			children = (
				3729DA791C0F0FFB007DB48C /* WalletTableViewController.swift */,
			);
			name = Wallet;
			sourceTree = "<group>";
		};
		37F5D97A1C2712A000938308 /* Info */ = {
			isa = PBXGroup;
			children = (
				37F5D97B1C2712DF00938308 /* InfoTableViewController.swift */,
			);
			name = Info;
			sourceTree = "<group>";
		};
		8BE62FC6A2B95A5B086687F5 /* Pods */ = {
			isa = PBXGroup;
			children = (
				6D01969020F3224FD97D6806 /* Pods.debug.xcconfig */,
				8E0DE6B581FF3E526EE01838 /* Pods.release.xcconfig */,
			);
			name = Pods;
			sourceTree = "<group>";
		};
		97B1F842E4CD121DD6B03A5F /* Frameworks */ = {
			isa = PBXGroup;
			children = (
				37EB11181C2C720F00879A05 /* MessageUI.framework */,
				F5E7324B98E69E4DAA1DE665 /* Pods.framework */,
			);
			name = Frameworks;
			sourceTree = "<group>";
		};
/* End PBXGroup section */

/* Begin PBXNativeTarget section */
		37CC9B6D1BFB60FF00B450E0 /* GetHelp */ = {
			isa = PBXNativeTarget;
			buildConfigurationList = 37CC9B8B1BFB60FF00B450E0 /* Build configuration list for PBXNativeTarget "GetHelp" */;
			buildPhases = (
				B4329C1E38842E5D8996FE7C /* Check Pods Manifest.lock */,
				37CC9B6A1BFB60FF00B450E0 /* Sources */,
				37CC9B6B1BFB60FF00B450E0 /* Frameworks */,
				37CC9B6C1BFB60FF00B450E0 /* Resources */,
				94DFF7ACB3E0466FEBF5C6C8 /* Embed Pods Frameworks */,
				5340243EE454B55C3EFBB771 /* Copy Pods Resources */,
				371BC2C01BFB6AA9009807E3 /* ShellScript */,
			);
			buildRules = (
			);
			dependencies = (
			);
			name = GetHelp;
			productName = GetHelp;
			productReference = 37CC9B6E1BFB60FF00B450E0 /* GetHelp.app */;
			productType = "com.apple.product-type.application";
		};
		37CC9B811BFB60FF00B450E0 /* GetHelpTests */ = {
			isa = PBXNativeTarget;
			buildConfigurationList = 37CC9B8E1BFB60FF00B450E0 /* Build configuration list for PBXNativeTarget "GetHelpTests" */;
			buildPhases = (
				37CC9B7E1BFB60FF00B450E0 /* Sources */,
				37CC9B7F1BFB60FF00B450E0 /* Frameworks */,
				37CC9B801BFB60FF00B450E0 /* Resources */,
			);
			buildRules = (
			);
			dependencies = (
				37CC9B841BFB60FF00B450E0 /* PBXTargetDependency */,
			);
			name = GetHelpTests;
			productName = GetHelpTests;
			productReference = 37CC9B821BFB60FF00B450E0 /* GetHelpTests.xctest */;
			productType = "com.apple.product-type.bundle.unit-test";
		};
/* End PBXNativeTarget section */

/* Begin PBXProject section */
		37CC9B661BFB60FF00B450E0 /* Project object */ = {
			isa = PBXProject;
			attributes = {
				LastSwiftUpdateCheck = 0710;
				LastUpgradeCheck = 0710;
				ORGANIZATIONNAME = BinaryBlitz;
				TargetAttributes = {
					37CC9B6D1BFB60FF00B450E0 = {
						CreatedOnToolsVersion = 7.1.1;
						DevelopmentTeam = 4WGG8V34K4;
					};
					37CC9B811BFB60FF00B450E0 = {
						CreatedOnToolsVersion = 7.1.1;
						TestTargetID = 37CC9B6D1BFB60FF00B450E0;
					};
				};
			};
			buildConfigurationList = 37CC9B691BFB60FF00B450E0 /* Build configuration list for PBXProject "GetHelp" */;
			compatibilityVersion = "Xcode 3.2";
			developmentRegion = English;
			hasScannedForEncodings = 0;
			knownRegions = (
				en,
				Base,
			);
			mainGroup = 37CC9B651BFB60FF00B450E0;
			productRefGroup = 37CC9B6F1BFB60FF00B450E0 /* Products */;
			projectDirPath = "";
			projectRoot = "";
			targets = (
				37CC9B6D1BFB60FF00B450E0 /* GetHelp */,
				37CC9B811BFB60FF00B450E0 /* GetHelpTests */,
			);
		};
/* End PBXProject section */

/* Begin PBXResourcesBuildPhase section */
		37CC9B6C1BFB60FF00B450E0 /* Resources */ = {
			isa = PBXResourcesBuildPhase;
			buildActionMask = 2147483647;
			files = (
				370130B51C1858D50099AD1E /* RequestInfoTableViewCell.xib in Resources */,
				37C2C19C1C11A172000010F2 /* RequestDetails.storyboard in Resources */,
				37CC9B7C1BFB60FF00B450E0 /* LaunchScreen.storyboard in Resources */,
				371DA86A1C1C8AFC007847ED /* WalletInfoTableViewCell.xib in Resources */,
				37CC9B791BFB60FF00B450E0 /* Assets.xcassets in Resources */,
				37C69DA91C1467FB009D7755 /* UserMessageTableViewCell.xib in Resources */,
				37AE79681C2AD14D00AC62DD /* signup_bg.jpg in Resources */,
				370130BB1C1870BE0099AD1E /* RequestStatusTableViewCell.xib in Resources */,
				378639EF1C1497DB00FF7CEE /* OperatorMessageTableViewCell.xib in Resources */,
				3756CD3D1C1DE3CA001684E7 /* Login.storyboard in Resources */,
				37E8B3881C01E88900778C6B /* HelpRequestTableViewCell.xib in Resources */,
				37ADE3461C061F2700CC3CE2 /* CreateNewRequest.storyboard in Resources */,
				37CC9B771BFB60FF00B450E0 /* Main.storyboard in Resources */,
			);
			runOnlyForDeploymentPostprocessing = 0;
		};
		37CC9B801BFB60FF00B450E0 /* Resources */ = {
			isa = PBXResourcesBuildPhase;
			buildActionMask = 2147483647;
			files = (
			);
			runOnlyForDeploymentPostprocessing = 0;
		};
/* End PBXResourcesBuildPhase section */

/* Begin PBXShellScriptBuildPhase section */
		371BC2C01BFB6AA9009807E3 /* ShellScript */ = {
			isa = PBXShellScriptBuildPhase;
			buildActionMask = 2147483647;
			files = (
			);
			inputPaths = (
			);
			outputPaths = (
			);
			runOnlyForDeploymentPostprocessing = 0;
			shellPath = /bin/sh;
			shellScript = "\"${PODS_ROOT}/Fabric/run\" 886de8c1d524dbaa9dfdbd457b8c8469ecafdfd4 fe43661af277625de578631f794d9557e38adacd6b02682d23b328918ca7fbf66";
		};
		5340243EE454B55C3EFBB771 /* Copy Pods Resources */ = {
			isa = PBXShellScriptBuildPhase;
			buildActionMask = 2147483647;
			files = (
			);
			inputPaths = (
			);
			name = "Copy Pods Resources";
			outputPaths = (
			);
			runOnlyForDeploymentPostprocessing = 0;
			shellPath = /bin/sh;
			shellScript = "\"${SRCROOT}/Pods/Target Support Files/Pods/Pods-resources.sh\"\n";
			showEnvVarsInLog = 0;
		};
		94DFF7ACB3E0466FEBF5C6C8 /* Embed Pods Frameworks */ = {
			isa = PBXShellScriptBuildPhase;
			buildActionMask = 2147483647;
			files = (
			);
			inputPaths = (
			);
			name = "Embed Pods Frameworks";
			outputPaths = (
			);
			runOnlyForDeploymentPostprocessing = 0;
			shellPath = /bin/sh;
			shellScript = "\"${SRCROOT}/Pods/Target Support Files/Pods/Pods-frameworks.sh\"\n";
			showEnvVarsInLog = 0;
		};
		B4329C1E38842E5D8996FE7C /* Check Pods Manifest.lock */ = {
			isa = PBXShellScriptBuildPhase;
			buildActionMask = 2147483647;
			files = (
			);
			inputPaths = (
			);
			name = "Check Pods Manifest.lock";
			outputPaths = (
			);
			runOnlyForDeploymentPostprocessing = 0;
			shellPath = /bin/sh;
			shellScript = "diff \"${PODS_ROOT}/../Podfile.lock\" \"${PODS_ROOT}/Manifest.lock\" > /dev/null\nif [[ $? != 0 ]] ; then\n    cat << EOM\nerror: The sandbox is not in sync with the Podfile.lock. Run 'pod install' or update your CocoaPods installation.\nEOM\n    exit 1\nfi\n";
			showEnvVarsInLog = 0;
		};
/* End PBXShellScriptBuildPhase section */

/* Begin PBXSourcesBuildPhase section */
		37CC9B6A1BFB60FF00B450E0 /* Sources */ = {
			isa = PBXSourcesBuildPhase;
			buildActionMask = 2147483647;
			files = (
				37E6B3181C1CC6B300DA19A8 /* WalletInfoPresentable.swift in Sources */,
				3729DA7A1C0F0FFB007DB48C /* WalletTableViewController.swift in Sources */,
				37CC9B721BFB60FF00B450E0 /* AppDelegate.swift in Sources */,
				37A7CB951C0CC0DD004CFB14 /* HelpTypePresenter.swift in Sources */,
				37EFF4001C1E0ACA008D020F /* PhoneNumbeInputViewController.swift in Sources */,
				37E8B3871C01E88900778C6B /* HelpRequestTableViewCell.swift in Sources */,
				37C69DA31C145A33009D7755 /* Image.swift in Sources */,
				37A7CB901C0CB3D8004CFB14 /* HelpType.swift in Sources */,
				37CFD50C1C10C4DB009F734B /* HelpRequestPresentable.swift in Sources */,
				37CFD5061C10C434009F734B /* RequestPresentable.swift in Sources */,
				37EFF3FE1C1E0AB1008D020F /* GreetingViewController.swift in Sources */,
				37C2C19E1C11A31B000010F2 /* RequestDetailsViewController.swift in Sources */,
				37C69DAB1C146BD8009D7755 /* MessageContentPresentable.swift in Sources */,
				37A7CB8E1C0CA913004CFB14 /* RequestFormViewController.swift in Sources */,
				37EDF94A1C0CEC2F00927D68 /* TextFloatLabelRow.swift in Sources */,
				376C4D9B1C11B66A00970316 /* RequestInfoTableViewController.swift in Sources */,
				37EFF4021C1E0AE8008D020F /* LogInCodeCheckViewController.swift in Sources */,
				37C69DAF1C146C22009D7755 /* MessagePresentable.swift in Sources */,
				37ADE3441C061EED00CC3CE2 /* CreateNewRequestTableViewController.swift in Sources */,
				37F5D97C1C2712DF00938308 /* InfoTableViewController.swift in Sources */,
				378639EE1C1497DB00FF7CEE /* OperatorMessageTableViewCell.swift in Sources */,
				37CFD50A1C10C474009F734B /* DateTimePresentable.swift in Sources */,
				370130B41C1858D50099AD1E /* RequestInfoTableViewCell.swift in Sources */,
				37C69DA81C1467FB009D7755 /* UserMessageTableViewCell.swift in Sources */,
				37EDF9451C0CEA6F00927D68 /* FloatLabelCell.swift in Sources */,
				37EDF9431C0CE9DB00927D68 /* FloatLabelTextField.swift in Sources */,
				37A7CB931C0CB467004CFB14 /* HelpRequestStatus.swift in Sources */,
				376C4D9D1C11B68400970316 /* ConversationViewController.swift in Sources */,
				37E6B31A1C1CC6F500DA19A8 /* Constants.swift in Sources */,
				37ADE33E1C0608CD00CC3CE2 /* HelpRequest.swift in Sources */,
				37EDF9471C0CEB1100927D68 /* TextFloatLabelCell.swift in Sources */,
				18391909CBFEF9EEEB599DBB /* HomeViewController.swift in Sources */,
				37CFD5081C10C44A009F734B /* StatusPresentable.swift in Sources */,
				37C69D9F1C135A7C009D7755 /* Message.swift in Sources */,
				37C69DB31C146F7D009D7755 /* ConfigurableMessageCell.swift in Sources */,
				370130BA1C1870BE0099AD1E /* RequestStatusTableViewCell.swift in Sources */,
				18391D92B940B76766394B71 /* ServerManager.swift in Sources */,
				37C69DA11C145583009D7755 /* MessageSender.swift in Sources */,
				37B889C71C09121400EA02D8 /* UIColor+GetHelp.swift in Sources */,
				371DA8691C1C8AFC007847ED /* WalletInfoTableViewCell.swift in Sources */,
				37C69DB51C146FCD009D7755 /* NSDateFormater+initWithDateFormat.swift in Sources */,
				37CFD5011C10C2B7009F734B /* HelpRequestPresenter.swift in Sources */,
				37C69DB11C146C7C009D7755 /* MessagePresenter.swift in Sources */,
				37EDF94C1C0CEC6400927D68 /* FloatFieldRow.swift in Sources */,
			);
			runOnlyForDeploymentPostprocessing = 0;
		};
		37CC9B7E1BFB60FF00B450E0 /* Sources */ = {
			isa = PBXSourcesBuildPhase;
			buildActionMask = 2147483647;
			files = (
				37CC9B871BFB60FF00B450E0 /* GetHelpTests.swift in Sources */,
			);
			runOnlyForDeploymentPostprocessing = 0;
		};
/* End PBXSourcesBuildPhase section */

/* Begin PBXTargetDependency section */
		37CC9B841BFB60FF00B450E0 /* PBXTargetDependency */ = {
			isa = PBXTargetDependency;
			target = 37CC9B6D1BFB60FF00B450E0 /* GetHelp */;
			targetProxy = 37CC9B831BFB60FF00B450E0 /* PBXContainerItemProxy */;
		};
/* End PBXTargetDependency section */

/* Begin PBXVariantGroup section */
		37CC9B751BFB60FF00B450E0 /* Main.storyboard */ = {
			isa = PBXVariantGroup;
			children = (
				37CC9B761BFB60FF00B450E0 /* Base */,
			);
			name = Main.storyboard;
			sourceTree = "<group>";
		};
		37CC9B7A1BFB60FF00B450E0 /* LaunchScreen.storyboard */ = {
			isa = PBXVariantGroup;
			children = (
				37CC9B7B1BFB60FF00B450E0 /* Base */,
			);
			name = LaunchScreen.storyboard;
			sourceTree = "<group>";
		};
/* End PBXVariantGroup section */

/* Begin XCBuildConfiguration section */
		37CC9B891BFB60FF00B450E0 /* Debug */ = {
			isa = XCBuildConfiguration;
			buildSettings = {
				ALWAYS_SEARCH_USER_PATHS = NO;
				CLANG_CXX_LANGUAGE_STANDARD = "gnu++0x";
				CLANG_CXX_LIBRARY = "libc++";
				CLANG_ENABLE_MODULES = YES;
				CLANG_ENABLE_OBJC_ARC = YES;
				CLANG_WARN_BOOL_CONVERSION = YES;
				CLANG_WARN_CONSTANT_CONVERSION = YES;
				CLANG_WARN_DIRECT_OBJC_ISA_USAGE = YES_ERROR;
				CLANG_WARN_EMPTY_BODY = YES;
				CLANG_WARN_ENUM_CONVERSION = YES;
				CLANG_WARN_INT_CONVERSION = YES;
				CLANG_WARN_OBJC_ROOT_CLASS = YES_ERROR;
				CLANG_WARN_UNREACHABLE_CODE = YES;
				CLANG_WARN__DUPLICATE_METHOD_MATCH = YES;
				"CODE_SIGN_IDENTITY[sdk=iphoneos*]" = "iPhone Developer";
				COPY_PHASE_STRIP = NO;
				DEBUG_INFORMATION_FORMAT = dwarf;
				ENABLE_STRICT_OBJC_MSGSEND = YES;
				ENABLE_TESTABILITY = YES;
				GCC_C_LANGUAGE_STANDARD = gnu99;
				GCC_DYNAMIC_NO_PIC = NO;
				GCC_NO_COMMON_BLOCKS = YES;
				GCC_OPTIMIZATION_LEVEL = 0;
				GCC_PREPROCESSOR_DEFINITIONS = (
					"DEBUG=1",
					"$(inherited)",
				);
				GCC_WARN_64_TO_32_BIT_CONVERSION = YES;
				GCC_WARN_ABOUT_RETURN_TYPE = YES_ERROR;
				GCC_WARN_UNDECLARED_SELECTOR = YES;
				GCC_WARN_UNINITIALIZED_AUTOS = YES_AGGRESSIVE;
				GCC_WARN_UNUSED_FUNCTION = YES;
				GCC_WARN_UNUSED_VARIABLE = YES;
				IPHONEOS_DEPLOYMENT_TARGET = 9.1;
				MTL_ENABLE_DEBUG_INFO = YES;
				ONLY_ACTIVE_ARCH = YES;
				SDKROOT = iphoneos;
				SWIFT_OPTIMIZATION_LEVEL = "-Onone";
			};
			name = Debug;
		};
		37CC9B8A1BFB60FF00B450E0 /* Release */ = {
			isa = XCBuildConfiguration;
			buildSettings = {
				ALWAYS_SEARCH_USER_PATHS = NO;
				CLANG_CXX_LANGUAGE_STANDARD = "gnu++0x";
				CLANG_CXX_LIBRARY = "libc++";
				CLANG_ENABLE_MODULES = YES;
				CLANG_ENABLE_OBJC_ARC = YES;
				CLANG_WARN_BOOL_CONVERSION = YES;
				CLANG_WARN_CONSTANT_CONVERSION = YES;
				CLANG_WARN_DIRECT_OBJC_ISA_USAGE = YES_ERROR;
				CLANG_WARN_EMPTY_BODY = YES;
				CLANG_WARN_ENUM_CONVERSION = YES;
				CLANG_WARN_INT_CONVERSION = YES;
				CLANG_WARN_OBJC_ROOT_CLASS = YES_ERROR;
				CLANG_WARN_UNREACHABLE_CODE = YES;
				CLANG_WARN__DUPLICATE_METHOD_MATCH = YES;
				"CODE_SIGN_IDENTITY[sdk=iphoneos*]" = "iPhone Developer";
				COPY_PHASE_STRIP = NO;
				DEBUG_INFORMATION_FORMAT = "dwarf-with-dsym";
				ENABLE_NS_ASSERTIONS = NO;
				ENABLE_STRICT_OBJC_MSGSEND = YES;
				GCC_C_LANGUAGE_STANDARD = gnu99;
				GCC_NO_COMMON_BLOCKS = YES;
				GCC_WARN_64_TO_32_BIT_CONVERSION = YES;
				GCC_WARN_ABOUT_RETURN_TYPE = YES_ERROR;
				GCC_WARN_UNDECLARED_SELECTOR = YES;
				GCC_WARN_UNINITIALIZED_AUTOS = YES_AGGRESSIVE;
				GCC_WARN_UNUSED_FUNCTION = YES;
				GCC_WARN_UNUSED_VARIABLE = YES;
				IPHONEOS_DEPLOYMENT_TARGET = 9.1;
				MTL_ENABLE_DEBUG_INFO = NO;
				SDKROOT = iphoneos;
				VALIDATE_PRODUCT = YES;
			};
			name = Release;
		};
		37CC9B8C1BFB60FF00B450E0 /* Debug */ = {
			isa = XCBuildConfiguration;
			baseConfigurationReference = 6D01969020F3224FD97D6806 /* Pods.debug.xcconfig */;
			buildSettings = {
				ASSETCATALOG_COMPILER_APPICON_NAME = AppIcon;
				CLANG_ENABLE_MODULES = YES;
				CODE_SIGN_IDENTITY = "iPhone Developer";
				DEBUG_INFORMATION_FORMAT = "dwarf-with-dsym";
				INFOPLIST_FILE = GetHelp/Info.plist;
				IPHONEOS_DEPLOYMENT_TARGET = 8.0;
				LD_RUNPATH_SEARCH_PATHS = "$(inherited) @executable_path/Frameworks";
				PRODUCT_BUNDLE_IDENTIFIER = ru.binaryblitz.GetHelp;
				PRODUCT_NAME = "$(TARGET_NAME)";
				SWIFT_OBJC_BRIDGING_HEADER = "GetHelp/GetHelp-Bridging-Header.h";
				SWIFT_OPTIMIZATION_LEVEL = "-Onone";
				TARGETED_DEVICE_FAMILY = 1;
			};
			name = Debug;
		};
		37CC9B8D1BFB60FF00B450E0 /* Release */ = {
			isa = XCBuildConfiguration;
			baseConfigurationReference = 8E0DE6B581FF3E526EE01838 /* Pods.release.xcconfig */;
			buildSettings = {
				ASSETCATALOG_COMPILER_APPICON_NAME = AppIcon;
				CLANG_ENABLE_MODULES = YES;
				CODE_SIGN_IDENTITY = "iPhone Developer";
				INFOPLIST_FILE = GetHelp/Info.plist;
				IPHONEOS_DEPLOYMENT_TARGET = 8.0;
				LD_RUNPATH_SEARCH_PATHS = "$(inherited) @executable_path/Frameworks";
				PRODUCT_BUNDLE_IDENTIFIER = ru.binaryblitz.GetHelp;
				PRODUCT_NAME = "$(TARGET_NAME)";
				SWIFT_OBJC_BRIDGING_HEADER = "GetHelp/GetHelp-Bridging-Header.h";
				TARGETED_DEVICE_FAMILY = 1;
			};
			name = Release;
		};
		37CC9B8F1BFB60FF00B450E0 /* Debug */ = {
			isa = XCBuildConfiguration;
			buildSettings = {
				BUNDLE_LOADER = "$(TEST_HOST)";
				INFOPLIST_FILE = GetHelpTests/Info.plist;
				LD_RUNPATH_SEARCH_PATHS = "$(inherited) @executable_path/Frameworks @loader_path/Frameworks";
				PRODUCT_BUNDLE_IDENTIFIER = ru.binaryblitz.GetHelpTests;
				PRODUCT_NAME = "$(TARGET_NAME)";
				TEST_HOST = "$(BUILT_PRODUCTS_DIR)/GetHelp.app/GetHelp";
			};
			name = Debug;
		};
		37CC9B901BFB60FF00B450E0 /* Release */ = {
			isa = XCBuildConfiguration;
			buildSettings = {
				BUNDLE_LOADER = "$(TEST_HOST)";
				INFOPLIST_FILE = GetHelpTests/Info.plist;
				LD_RUNPATH_SEARCH_PATHS = "$(inherited) @executable_path/Frameworks @loader_path/Frameworks";
				PRODUCT_BUNDLE_IDENTIFIER = ru.binaryblitz.GetHelpTests;
				PRODUCT_NAME = "$(TARGET_NAME)";
				TEST_HOST = "$(BUILT_PRODUCTS_DIR)/GetHelp.app/GetHelp";
			};
			name = Release;
		};
/* End XCBuildConfiguration section */

/* Begin XCConfigurationList section */
		37CC9B691BFB60FF00B450E0 /* Build configuration list for PBXProject "GetHelp" */ = {
			isa = XCConfigurationList;
			buildConfigurations = (
				37CC9B891BFB60FF00B450E0 /* Debug */,
				37CC9B8A1BFB60FF00B450E0 /* Release */,
			);
			defaultConfigurationIsVisible = 0;
			defaultConfigurationName = Release;
		};
		37CC9B8B1BFB60FF00B450E0 /* Build configuration list for PBXNativeTarget "GetHelp" */ = {
			isa = XCConfigurationList;
			buildConfigurations = (
				37CC9B8C1BFB60FF00B450E0 /* Debug */,
				37CC9B8D1BFB60FF00B450E0 /* Release */,
			);
			defaultConfigurationIsVisible = 0;
			defaultConfigurationName = Release;
		};
		37CC9B8E1BFB60FF00B450E0 /* Build configuration list for PBXNativeTarget "GetHelpTests" */ = {
			isa = XCConfigurationList;
			buildConfigurations = (
				37CC9B8F1BFB60FF00B450E0 /* Debug */,
				37CC9B901BFB60FF00B450E0 /* Release */,
			);
			defaultConfigurationIsVisible = 0;
			defaultConfigurationName = Release;
		};
/* End XCConfigurationList section */
	};
	rootObject = 37CC9B661BFB60FF00B450E0 /* Project object */;
}
